{
    "_readme": [
        "This file locks the dependencies of your project to a known state",
        "Read more about it at https://getcomposer.org/doc/01-basic-usage.md#installing-dependencies",
        "This file is @generated automatically"
    ],
    "content-hash": "f2cdd8aa115b31a0c5712a0ad548cd24",
    "packages": [
        {
            "name": "php-sarkozy/core",
            "version": "dev-main",
            "dist": {
                "type": "path",
                "url": "../core",
                "reference": "a28a67d832d6860f49e91e48ab5384d699860775"
            },
            "type": "library",
            "autoload": {
                "psr-4": {
                    "PhpSarkozy\\core\\": "src/",
                    "PhpSarkozy\\core\\utils\\": "src/utils/",
                    "PhpSarkozy\\core\\attributes\\": "src/attributes/",
                    "PhpSarkozy\\core\\api\\": "src/api"
                }
            },
            "license": [
                "MIT"
            ],
            "authors": [
                {
                    "name": "Ruben CLERC",
                    "email": "ruben.clerc@cpe.fr"
                }
            ],
            "description": "Un framework simple pour le cours TIDAL",
            "transport-options": {
                "symlink": true,
                "relative": true
            }
        },
        {
            "name": "php-sarkozy/http",
            "version": "dev-main",
            "dist": {
                "type": "path",
                "url": "../http",
                "reference": "8745cd531ea5ff91c02dbe596cda5aaeb8b1f43c"
            },
            "require": {
                "php-sarkozy/core": "@dev"
            },
            "type": "library",
            "autoload": {
                "psr-4": {
                    "PhpSarkozy\\Http\\": "src/",
                    "PhpSarkozy\\Http\\api\\": "src/api/",
                    "PhpSarkozy\\Http\\attributes\\": "src/attributes/",
                    "PhpSarkozy\\Http\\utils\\": "src/utils/",
                    "PhpSarkozy\\Http\\models\\": "src/models/"
                }
            },
            "license": [
                "MIT"
            ],
            "authors": [
                {
                    "name": "Theo CLERE",
                    "email": "theo.clere@cpe.fr"
                }
            ],
            "description": "Le module http pour php-sarkozy",
            "transport-options": {
                "symlink": true,
                "relative": true
            }
        },
        {
            "name": "php-sarkozy/http-routing",
            "version": "dev-main",
            "dist": {
                "type": "path",
                "url": "../http-routing",
                "reference": "fdd2f62b3c5dff9967ade12030841e84b62bec1c"
            },
            "require": {
                "php-sarkozy/core": "@dev",
                "php-sarkozy/http": "@dev"
            },
            "type": "library",
            "autoload": {
                "psr-4": {
                    "PhpSarkozy\\HttpRouting\\": "src/",
                    "PhpSarkozy\\HttpRouting\\attributes\\": "src/attributes/"
                }
            },
            "license": [
                "MIT"
            ],
            "authors": [
                {
                    "name": "Josse DE OLIVEIRA",
                    "email": "josse.de-oliveira@cpe.fr"
                }
            ],
            "description": "Routing submodule for PHP Sarkozy Http Module",
            "transport-options": {
                "symlink": true,
                "relative": true
            }
        },
        {
            "name": "php-sarkozy/le-temps-des-templates",
            "version": "dev-main",
            "dist": {
                "type": "path",
                "url": "../le-temps-des-templates",
                "reference": "c9bd8f34b93d3be88c42d7f1fcb19dfaa0e7ef3b"
            },
            "type": "library",
            "autoload": {
                "psr-4": {
                    "PhpSarkozy\\LeTempsDesTemplates\\": "src/"
                }
            },
            "license": [
                "MIT"
            ],
            "authors": [
                {
                    "name": "Josse DE OLIVEIRA",
                    "email": "josse.de-oliveira@cpe.fr"
                }
            ],
            "description": "Moteur de templating du framework PHP Sarkozy",
            "transport-options": {
                "symlink": true,
                "relative": true
            }
        }
    ],
    "packages-dev": [],
    "aliases": [],
    "minimum-stability": "stable",
    "stability-flags": {
        "php-sarkozy/core": 20,
        "php-sarkozy/http": 20,
        "php-sarkozy/http-routing": 20,
        "php-sarkozy/le-temps-des-templates": 20
    },
    "prefer-stable": false,
    "prefer-lowest": false,
    "platform": [],
    "platform-dev": [],
    "plugin-api-version": "2.3.0"
}
