{
    "_readme": [
        "This file locks the dependencies of your project to a known state",
        "Read more about it at https://getcomposer.org/doc/01-basic-usage.md#installing-dependencies",
        "This file is @generated automatically"
    ],
    "content-hash": "bad17243e169a411889746abbe25c78e",
    "packages": [
        {
            "name": "php-sarkozy/core",
            "version": "dev-main",
            "dist": {
                "type": "path",
                "url": "../core",
                "reference": "403a1a900be97e16fb8c4614094bb386818b096f"
            },
            "type": "library",
            "autoload": {
                "psr-4": {
                    "PhpSarkozy\\core\\": "src/",
                    "PhpSarkozy\\core\\utils\\": "src/utils/",
                    "PhpSarkozy\\core\\attributes\\": "src/attributes/",
                    "PhpSarkozy\\core\\api\\": "src/api"
                }
            },
            "license": [
                "MIT"
            ],
            "authors": [
                {
                    "name": "Ruben CLERC",
                    "email": "ruben.clerc@cpe.fr"
                },
                {
                    "name": "Theo CLERE",
                    "email": "theo.clere@cpe.fr"
                },
                {
                    "name": "Josse DE OLIVEIRA",
                    "email": "josse.de-oliveira@cpe.fr"
                }
            ],
            "description": "Un framework simple pour le cours TIDAL",
            "transport-options": {
                "symlink": true,
                "relative": true
            }
        },
        {
            "name": "php-sarkozy/http",
            "version": "dev-main",
            "dist": {
                "type": "path",
                "url": "../http",
                "reference": "1a20c7f066432eb170f7f70f1eb6cb20088c2e1f"
            },
            "require": {
                "php-sarkozy/core": "@dev"
            },
            "type": "library",
            "autoload": {
                "psr-4": {
                    "PhpSarkozy\\Http\\": "src/",
                    "PhpSarkozy\\Http\\api\\": "src/api/",
                    "PhpSarkozy\\Http\\attributes\\": "src/attributes/",
                    "PhpSarkozy\\Http\\utils\\": "src/utils/",
                    "PhpSarkozy\\Http\\models\\": "src/models/"
                }
            },
            "license": [
                "MIT"
            ],
            "authors": [
                {
                    "name": "Ruben CLERC",
                    "email": "ruben.clerc@cpe.fr"
                },
                {
                    "name": "Theo CLERE",
                    "email": "theo.clere@cpe.fr"
                },
                {
                    "name": "Josse DE OLIVEIRA",
                    "email": "josse.de-oliveira@cpe.fr"
                }
            ],
            "description": "Le module http pour php-sarkozy",
            "transport-options": {
                "symlink": true,
                "relative": true
            }
        },
        {
            "name": "php-sarkozy/http-routing",
            "version": "dev-main",
            "dist": {
                "type": "path",
                "url": "../http-routing",
                "reference": "4167dea885f69f9102d4b317134855bdacd4cedf"
            },
            "require": {
                "php-sarkozy/core": "@dev",
                "php-sarkozy/http": "@dev"
            },
            "type": "library",
            "autoload": {
                "psr-4": {
                    "PhpSarkozy\\HttpRouting\\": "src/",
                    "PhpSarkozy\\HttpRouting\\attributes\\": "src/attributes/"
                }
            },
            "license": [
                "MIT"
            ],
            "authors": [
                {
                    "name": "Ruben CLERC",
                    "email": "ruben.clerc@cpe.fr"
                },
                {
                    "name": "Theo CLERE",
                    "email": "theo.clere@cpe.fr"
                },
                {
                    "name": "Josse DE OLIVEIRA",
                    "email": "josse.de-oliveira@cpe.fr"
                }
            ],
            "description": "Routing submodule for PHP Sarkozy Http Module",
            "transport-options": {
                "symlink": true,
                "relative": true
            }
        },
        {
            "name": "php-sarkozy/le-temps-des-templates",
            "version": "dev-main",
            "dist": {
                "type": "path",
                "url": "../le-temps-des-templates",
                "reference": "409762e110d5bf574d34426f521e508346297d87"
            },
            "type": "library",
            "autoload": {
                "psr-4": {
                    "PhpSarkozy\\LeTempsDesTemplates\\": "src/",
                    "PhpSarkozy\\LeTempsDesTemplates\\elements\\": "src/elements/"
                }
            },
            "license": [
                "MIT"
            ],
            "authors": [
                {
                    "name": "Ruben CLERC",
                    "email": "ruben.clerc@cpe.fr"
                },
                {
                    "name": "Theo CLERE",
                    "email": "theo.clere@cpe.fr"
                },
                {
                    "name": "Josse DE OLIVEIRA",
                    "email": "josse.de-oliveira@cpe.fr"
                }
            ],
            "description": "Moteur de templating du framework PHP Sarkozy",
            "transport-options": {
                "symlink": true,
                "relative": true
            }
        },
        {
            "name": "php-sarkozy/middleware",
            "version": "dev-main",
            "dist": {
                "type": "path",
                "url": "../middleware",
                "reference": "595cfaa2bd48ed9a92d212ed2f40d96514f3e6be"
            },
            "require": {
                "php-sarkozy/core": "@dev"
            },
            "type": "library",
            "autoload": {
                "psr-4": {
                    "PhpSarkozy\\Middleware\\": "src/",
                    "PhpSarkozy\\Middleware\\api\\": "src/api/",
                    "PhpSarkozy\\Middleware\\utils\\": "src/utils/"
                }
            },
            "license": [
                "MIT"
            ],
            "authors": [
                {
                    "name": "Theo CLERE",
                    "email": "theo.clere@cpe.fr"
                }
            ],
            "description": "Mieux vaut prévenir que guérir",
            "transport-options": {
                "symlink": true,
                "relative": true
            }
        }
    ],
    "packages-dev": [],
    "aliases": [],
    "minimum-stability": "stable",
    "stability-flags": {
        "php-sarkozy/core": 20,
        "php-sarkozy/http": 20,
        "php-sarkozy/http-routing": 20,
        "php-sarkozy/le-temps-des-templates": 20,
        "php-sarkozy/middleware": 20
    },
    "prefer-stable": false,
    "prefer-lowest": false,
    "platform": [],
    "platform-dev": [],
    "plugin-api-version": "2.6.0"
}
