{
    "_readme": [
        "This file locks the dependencies of your project to a known state",
        "Read more about it at https://getcomposer.org/doc/01-basic-usage.md#installing-dependencies",
        "This file is @generated automatically"
    ],
    "content-hash": "6fcaf69fd7f306ee3cdbd783f7ccac96",
    "packages": [
        {
            "name": "php-sarkozy/core",
            "version": "dev-main",
            "dist": {
                "type": "path",
                "url": "../php-sarkozy/core",
                "reference": "370dcaaf00d58cd7c7257ebb65ef359a4a08373a"
            },
            "type": "library",
            "autoload": {
                "psr-4": {
                    "PhpSarkozy\\core\\": "src/",
                    "PhpSarkozy\\core\\utils\\": "src/utils/",
                    "PhpSarkozy\\core\\attributes\\": "src/attributes/",
                    "PhpSarkozy\\core\\api\\": "src/api"
                }
            },
            "license": [
                "MIT"
            ],
            "authors": [
                {
                    "name": "Ruben CLERC",
                    "email": "ruben.clerc@cpe.fr"
                }
            ],
            "description": "Un framework simple pour le cours TIDAL",
            "transport-options": {
                "symlink": true,
                "relative": true
            }
        },
        {
            "name": "php-sarkozy/http",
            "version": "dev-main",
            "dist": {
                "type": "path",
                "url": "../php-sarkozy/http",
                "reference": "174bbb2d42e86be9c20dd185db13b4cd885b45f4"
            },
            "require": {
                "php-sarkozy/core": "@dev"
            },
            "type": "library",
            "autoload": {
                "psr-4": {
                    "PhpSarkozy\\Http\\": "src/",
                    "PhpSarkozy\\Http\\api\\": "src/api/",
                    "PhpSarkozy\\Http\\attributes\\": "src/attributes/",
                    "PhpSarkozy\\Http\\utils\\": "src/utils/",
                    "PhpSarkozy\\Http\\models\\": "src/models/"
                }
            },
            "license": [
                "MIT"
            ],
            "authors": [
                {
                    "name": "Theo CLERE",
                    "email": "theo.clere@cpe.fr"
                }
            ],
            "description": "Le module http pour php-sarkozy",
            "transport-options": {
                "symlink": true,
                "relative": true
            }
        },
        {
            "name": "php-sarkozy/le-temps-des-templates",
            "version": "dev-main",
            "dist": {
                "type": "path",
                "url": "../php-sarkozy/le-temps-des-templates",
                "reference": "9c2f2015861155cb3ca165f0ff55f901251f2cae"
            },
            "type": "library",
            "autoload": {
                "psr-4": {
                    "PhpSarkozy\\LeTempsDesTemplates\\": "src/"
                }
            },
            "license": [
                "MIT"
            ],
            "authors": [
                {
                    "name": "Josse DE OLIVEIRA",
                    "email": "josse.de-oliveira@cpe.fr"
                }
            ],
            "description": "Moteur de templating du framework PHP Sarkozy",
            "transport-options": {
                "symlink": true,
                "relative": true
            }
        },
        {
            "name": "php-sarkozy/middleware",
            "version": "dev-main",
            "dist": {
                "type": "path",
                "url": "../php-sarkozy/middleware",
                "reference": "394dbc1c17560925a4a1f37a516e31db1155fdf5"
            },
            "require": {
                "php-sarkozy/core": "@dev"
            },
            "type": "library",
            "autoload": {
                "psr-4": {
                    "PhpSarkozy\\Middleware\\": "src/",
                    "PhpSarkozy\\Middleware\\api\\": "src/api/",
                    "PhpSarkozy\\Middleware\\utils\\": "src/utils/"
                }
            },
            "license": [
                "MIT"
            ],
            "authors": [
                {
                    "name": "Theo CLERE",
                    "email": "theo.clere@cpe.fr"
                }
            ],
            "description": "Mieux vaut prévenir que guérir",
            "transport-options": {
                "symlink": true,
                "relative": true
            }
        }
    ],
    "packages-dev": [],
    "aliases": [],
    "minimum-stability": "stable",
    "stability-flags": {
        "php-sarkozy/core": 20,
        "php-sarkozy/le-temps-des-templates": 20,
        "php-sarkozy/http": 20,
        "php-sarkozy/middleware": 20
    },
    "prefer-stable": false,
    "prefer-lowest": false,
    "platform": [],
    "platform-dev": [],
    "plugin-api-version": "2.6.0"
}
