{
    "_readme": [
        "This file locks the dependencies of your project to a known state",
        "Read more about it at https://getcomposer.org/doc/01-basic-usage.md#installing-dependencies",
        "This file is @generated automatically"
    ],
    "content-hash": "1e5c5567e869dd94039a923c53479602",
    "packages": [
        {
            "name": "php-sarkozy/core",
            "version": "dev-main",
            "dist": {
                "type": "path",
                "url": "../core",
                "reference": "ae608253163052f1aee898e62534de314a707cf2"
            },
            "type": "library",
            "autoload": {
                "psr-4": {
                    "core\\": "src/",
                    "utils\\": "src/utils/",
                    "attributes\\": "src/attributes/",
                    "api\\": "src/api"
                }
            },
            "license": [
                "MIT"
            ],
            "authors": [
                {
                    "name": "Ruben CLERC",
                    "email": "ruben.clerc@cpe.fr"
                }
            ],
            "description": "Un framework simple pour le cours TIDAL",
            "transport-options": {
                "symlink": true,
                "relative": true
            }
        }
    ],
    "packages-dev": [],
    "aliases": [],
    "minimum-stability": "stable",
    "stability-flags": {
        "php-sarkozy/core": 20
    },
    "prefer-stable": false,
    "prefer-lowest": false,
    "platform": [],
    "platform-dev": [],
    "plugin-api-version": "2.6.0"
}
